<Solution>
  <Configurations>
    <Platform Name="ARM64" />
    <Platform Name="x64" />
    <Platform Name="x86" />
  </Configurations>
  <Folder Name="/Solution Items/">
    <File Path=".editorconfig" />
    <File Path=".github/workflows/dotnet-release.yml" />
  </Folder>
  <Project Path="dev/AlAnvar.Database/AlAnvar.Database.csproj" Id="5faf2505-6c85-402a-ac0b-7c34a9a7c7b0" />
  <Project Path="dev/AlAnvar/AlAnvar.csproj">
    <Platform Solution="*|ARM64" Project="ARM64" />
    <Platform Solution="*|x64" Project="x64" />
    <Platform Solution="*|x86" Project="x86" />
    <Deploy />
  </Project>
</Solution>
