<Solution>
  <Configurations>
    <Platform Name="ARM64" />
    <Platform Name="x64" />
    <Platform Name="x86" />
  </Configurations>
  <Folder Name="/Solution Items/">
    <File Path=".editorconfig" />
    <File Path=".github/workflows/dotnet-release.yml" />
  </Folder>
  <Project Path="dev/AlAnvar.SourceGenerator/AlAnvar.SourceGenerator.csproj" Id="4a963cf0-ca07-49f3-b5fb-bd6fae454eae" />
  <Project Path="dev/AlAnvar/AlAnvar.csproj">
    <Platform Solution="*|ARM64" Project="ARM64" />
    <Platform Solution="*|x64" Project="x64" />
    <Platform Solution="*|x86" Project="x86" />
    <Deploy />
  </Project>
</Solution>
